
Microsoft Visual Studio Solution File, Format Version 12.00
# Visual Studio Version 17
VisualStudioVersion = 17.10.35122.118
MinimumVisualStudioVersion = 10.0.40219.1
Project("{FAE04EC0-301F-11D3-BF4B-00C04F79EFBC}") = "DemoFirstProject", "DemoFirstProject\DemoFirstProject.csproj", "{C41AD5DA-61D7-4D89-ACA7-52BCC0146588}"
EndProject
Global
	GlobalSection(SolutionConfigurationPlatforms) = preSolution
		Debug|Any CPU = Debug|Any CPU
		Release|Any CPU = Release|Any CPU
	EndGlobalSection
	GlobalSection(ProjectConfigurationPlatforms) = postSolution
		{C41AD5DA-61D7-4D89-ACA7-52BCC0146588}.Debug|Any CPU.ActiveCfg = Debug|Any CPU
		{C41AD5DA-61D7-4D89-ACA7-52BCC0146588}.Debug|Any CPU.Build.0 = Debug|Any CPU
		{C41AD5DA-61D7-4D89-ACA7-52BCC0146588}.Release|Any CPU.ActiveCfg = Release|Any CPU
		{C41AD5DA-61D7-4D89-ACA7-52BCC0146588}.Release|Any CPU.Build.0 = Release|Any CPU
	EndGlobalSection
	GlobalSection(SolutionProperties) = preSolution
		HideSolutionNode = FALSE
	EndGlobalSection
	GlobalSection(ExtensibilityGlobals) = postSolution
		SolutionGuid = {C10BC43D-8B41-4CF0-8476-027EDF1361BB}
	EndGlobalSection
EndGlobal
